
Microsoft Visual Studio Solution File, Format Version 12.00
# Visual Studio Version 16
VisualStudioVersion = 16.0.29920.165
MinimumVisualStudioVersion = 10.0.40219.1
Project("{FAE04EC0-301F-11D3-BF4B-00C04F79EFBC}") = "StrategyAssignment", "StrategyAssignment\StrategyAssignment.csproj", "{BE332D86-BE84-432B-B336-3847811DECCE}"
EndProject
Global
	GlobalSection(SolutionConfigurationPlatforms) = preSolution
		Debug|Any CPU = Debug|Any CPU
		Release|Any CPU = Release|Any CPU
	EndGlobalSection
	GlobalSection(ProjectConfigurationPlatforms) = postSolution
		{BE332D86-BE84-432B-B336-3847811DECCE}.Debug|Any CPU.ActiveCfg = Debug|Any CPU
		{BE332D86-BE84-432B-B336-3847811DECCE}.Debug|Any CPU.Build.0 = Debug|Any CPU
		{BE332D86-BE84-432B-B336-3847811DECCE}.Release|Any CPU.ActiveCfg = Release|Any CPU
		{BE332D86-BE84-432B-B336-3847811DECCE}.Release|Any CPU.Build.0 = Release|Any CPU
	EndGlobalSection
	GlobalSection(SolutionProperties) = preSolution
		HideSolutionNode = FALSE
	EndGlobalSection
	GlobalSection(ExtensibilityGlobals) = postSolution
		SolutionGuid = {CB7D8C11-150F-439A-8F6D-5A9CF8AA3EDE}
	EndGlobalSection
EndGlobal
